<?xml version="1.0" encoding="UTF-8"?>
<Scheme
   version = "1.3">
   <BuildAction>
      <BuildActionEntries>
         <BuildActionEntry
            buildForRunning = "YES">
            <BuildableReference
               BuildableIdentifier = "primary"
               BlueprintIdentifier = "9E35B0171A985CB100FFA9F7"
               BuildableName = "HexWorld.app"
               BlueprintName = "HexWorld"
               ReferencedContainer = "container:HexWorld.xcodeproj">
            </BuildableReference>
         </BuildActionEntry>
      </BuildActionEntries>
   </BuildAction>
   <LaunchAction
      useCustomWorkingDirectory = "NO"
      buildConfiguration = "Release">
      <BuildableProductRunnable>
         <BuildableReference
            BuildableIdentifier = "primary"
            BlueprintIdentifier = "9E35B0171A985CB100FFA9F7"
            BuildableName = "HexWorld.app"
            BlueprintName = "HexWorld"
            ReferencedContainer = "container:HexWorld.xcodeproj">
         </BuildableReference>
      </BuildableProductRunnable>
   </LaunchAction>
</Scheme>
