// !$*UTF8*$!
{
	archiveVersion = 1;
	classes = {
	};
	objectVersion = 46;
	objects = {

/* Begin PBXBuildFile section */
		9E23C9A91AA1A8AE0059305E /* Birds.atlas in Resources */ = {isa = PBXBuildFile; fileRef = 9E23C9A81AA1A8AE0059305E /* Birds.atlas */; };
		9E35B01E1A985CB100FFA9F7 /* AppDelegate.swift in Sources */ = {isa = PBXBuildFile; fileRef = 9E35B01D1A985CB100FFA9F7 /* AppDelegate.swift */; };
		9E35B0201A985CB100FFA9F7 /* GameScene.sks in Resources */ = {isa = PBXBuildFile; fileRef = 9E35B01F1A985CB100FFA9F7 /* GameScene.sks */; };
		9E35B0221A985CB100FFA9F7 /* GameScene.swift in Sources */ = {isa = PBXBuildFile; fileRef = 9E35B0211A985CB100FFA9F7 /* GameScene.swift */; };
		9E35B0241A985CB100FFA9F7 /* GameViewController.swift in Sources */ = {isa = PBXBuildFile; fileRef = 9E35B0231A985CB100FFA9F7 /* GameViewController.swift */; };
		9E35B0271A985CB100FFA9F7 /* Main.storyboard in Resources */ = {isa = PBXBuildFile; fileRef = 9E35B0251A985CB100FFA9F7 /* Main.storyboard */; };
		9E35B0291A985CB100FFA9F7 /* Images.xcassets in Resources */ = {isa = PBXBuildFile; fileRef = 9E35B0281A985CB100FFA9F7 /* Images.xcassets */; };
		9E35B02C1A985CB100FFA9F7 /* LaunchScreen.xib in Resources */ = {isa = PBXBuildFile; fileRef = 9E35B02A1A985CB100FFA9F7 /* LaunchScreen.xib */; };
		9E35B0381A985CB100FFA9F7 /* HexWorldTests.swift in Sources */ = {isa = PBXBuildFile; fileRef = 9E35B0371A985CB100FFA9F7 /* HexWorldTests.swift */; };
		9E35B0491A985F1E00FFA9F7 /* Texture.atlas in Resources */ = {isa = PBXBuildFile; fileRef = 9E35B0481A985F1E00FFA9F7 /* Texture.atlas */; };
		9E601DBB1A9F38C800ECF036 /* Bird.swift in Sources */ = {isa = PBXBuildFile; fileRef = 9E601DB31A9F38C800ECF036 /* Bird.swift */; };
		9E601DBC1A9F38C800ECF036 /* BirdActions.swift in Sources */ = {isa = PBXBuildFile; fileRef = 9E601DB41A9F38C800ECF036 /* BirdActions.swift */; };
		9E601DBD1A9F38C800ECF036 /* BirdSprite.swift in Sources */ = {isa = PBXBuildFile; fileRef = 9E601DB51A9F38C800ECF036 /* BirdSprite.swift */; };
		9E601DBF1A9F38C800ECF036 /* DebugControls.swift in Sources */ = {isa = PBXBuildFile; fileRef = 9E601DB71A9F38C800ECF036 /* DebugControls.swift */; };
		9E601DC01A9F38C800ECF036 /* DebugForceLine.swift in Sources */ = {isa = PBXBuildFile; fileRef = 9E601DB81A9F38C800ECF036 /* DebugForceLine.swift */; };
		9E601DC11A9F38C800ECF036 /* DebugSteering.swift in Sources */ = {isa = PBXBuildFile; fileRef = 9E601DB91A9F38C800ECF036 /* DebugSteering.swift */; };
		9E601DC21A9F38C800ECF036 /* Flock.swift in Sources */ = {isa = PBXBuildFile; fileRef = 9E601DBA1A9F38C800ECF036 /* Flock.swift */; };
		9E601DCC1A9F38D200ECF036 /* Main.storyboard in Resources */ = {isa = PBXBuildFile; fileRef = 9E601DC31A9F38D200ECF036 /* Main.storyboard */; };
		9E601DCD1A9F38D200ECF036 /* Point.swift in Sources */ = {isa = PBXBuildFile; fileRef = 9E601DC41A9F38D200ECF036 /* Point.swift */; };
		9E601DCE1A9F38D200ECF036 /* Root.plist in Resources */ = {isa = PBXBuildFile; fileRef = 9E601DC51A9F38D200ECF036 /* Root.plist */; };
		9E601DCF1A9F38D200ECF036 /* SampleBesierView.swift in Sources */ = {isa = PBXBuildFile; fileRef = 9E601DC61A9F38D200ECF036 /* SampleBesierView.swift */; };
		9E601DD01A9F38D200ECF036 /* Settings.swift in Sources */ = {isa = PBXBuildFile; fileRef = 9E601DC71A9F38D200ECF036 /* Settings.swift */; };
		9E601DD11A9F38D200ECF036 /* Steering.swift in Sources */ = {isa = PBXBuildFile; fileRef = 9E601DC81A9F38D200ECF036 /* Steering.swift */; };
		9E601DD21A9F38D200ECF036 /* Textures.swift in Sources */ = {isa = PBXBuildFile; fileRef = 9E601DC91A9F38D200ECF036 /* Textures.swift */; };
		9E601DD31A9F38D200ECF036 /* Vector2D.swift in Sources */ = {isa = PBXBuildFile; fileRef = 9E601DCA1A9F38D200ECF036 /* Vector2D.swift */; };
		9E601DD41A9F38D200ECF036 /* World.swift in Sources */ = {isa = PBXBuildFile; fileRef = 9E601DCB1A9F38D200ECF036 /* World.swift */; };
		9E601DED1A9F3D2E00ECF036 /* HexNode.swift in Sources */ = {isa = PBXBuildFile; fileRef = 9E601DE81A9F3D2E00ECF036 /* HexNode.swift */; };
		9E601DEF1A9F3EBB00ECF036 /* TiledBackground.swift in Sources */ = {isa = PBXBuildFile; fileRef = 9E601DEE1A9F3EBB00ECF036 /* TiledBackground.swift */; };
/* End PBXBuildFile section */

/* Begin PBXContainerItemProxy section */
		9E35B0321A985CB100FFA9F7 /* PBXContainerItemProxy */ = {
			isa = PBXContainerItemProxy;
			containerPortal = 9E35B0101A985CB100FFA9F7 /* Project object */;
			proxyType = 1;
			remoteGlobalIDString = 9E35B0171A985CB100FFA9F7;
			remoteInfo = HexWorld;
		};
/* End PBXContainerItemProxy section */

/* Begin PBXFileReference section */
		9E23C9A81AA1A8AE0059305E /* Birds.atlas */ = {isa = PBXFileReference; lastKnownFileType = folder.skatlas; path = Birds.atlas; sourceTree = "<group>"; };
		9E35B0181A985CB100FFA9F7 /* HexWorld.app */ = {isa = PBXFileReference; explicitFileType = wrapper.application; includeInIndex = 0; path = HexWorld.app; sourceTree = BUILT_PRODUCTS_DIR; };
		9E35B01C1A985CB100FFA9F7 /* Info.plist */ = {isa = PBXFileReference; lastKnownFileType = text.plist.xml; path = Info.plist; sourceTree = "<group>"; };
		9E35B01D1A985CB100FFA9F7 /* AppDelegate.swift */ = {isa = PBXFileReference; lastKnownFileType = sourcecode.swift; path = AppDelegate.swift; sourceTree = "<group>"; };
		9E35B01F1A985CB100FFA9F7 /* GameScene.sks */ = {isa = PBXFileReference; lastKnownFileType = file.sks; path = GameScene.sks; sourceTree = "<group>"; };
		9E35B0211A985CB100FFA9F7 /* GameScene.swift */ = {isa = PBXFileReference; lastKnownFileType = sourcecode.swift; path = GameScene.swift; sourceTree = "<group>"; };
		9E35B0231A985CB100FFA9F7 /* GameViewController.swift */ = {isa = PBXFileReference; lastKnownFileType = sourcecode.swift; path = GameViewController.swift; sourceTree = "<group>"; };
		9E35B0261A985CB100FFA9F7 /* Base */ = {isa = PBXFileReference; lastKnownFileType = file.storyboard; name = Base; path = Base.lproj/Main.storyboard; sourceTree = "<group>"; };
		9E35B0281A985CB100FFA9F7 /* Images.xcassets */ = {isa = PBXFileReference; lastKnownFileType = folder.assetcatalog; path = Images.xcassets; sourceTree = "<group>"; };
		9E35B02B1A985CB100FFA9F7 /* Base */ = {isa = PBXFileReference; lastKnownFileType = file.xib; name = Base; path = Base.lproj/LaunchScreen.xib; sourceTree = "<group>"; };
		9E35B0311A985CB100FFA9F7 /* HexWorldTests.xctest */ = {isa = PBXFileReference; explicitFileType = wrapper.cfbundle; includeInIndex = 0; path = HexWorldTests.xctest; sourceTree = BUILT_PRODUCTS_DIR; };
		9E35B0361A985CB100FFA9F7 /* Info.plist */ = {isa = PBXFileReference; lastKnownFileType = text.plist.xml; path = Info.plist; sourceTree = "<group>"; };
		9E35B0371A985CB100FFA9F7 /* HexWorldTests.swift */ = {isa = PBXFileReference; lastKnownFileType = sourcecode.swift; path = HexWorldTests.swift; sourceTree = "<group>"; };
		9E35B0481A985F1E00FFA9F7 /* Texture.atlas */ = {isa = PBXFileReference; lastKnownFileType = folder.skatlas; path = Texture.atlas; sourceTree = "<group>"; };
		9E601DB31A9F38C800ECF036 /* Bird.swift */ = {isa = PBXFileReference; fileEncoding = 4; lastKnownFileType = sourcecode.swift; path = Bird.swift; sourceTree = "<group>"; };
		9E601DB41A9F38C800ECF036 /* BirdActions.swift */ = {isa = PBXFileReference; fileEncoding = 4; lastKnownFileType = sourcecode.swift; path = BirdActions.swift; sourceTree = "<group>"; };
		9E601DB51A9F38C800ECF036 /* BirdSprite.swift */ = {isa = PBXFileReference; fileEncoding = 4; lastKnownFileType = sourcecode.swift; path = BirdSprite.swift; sourceTree = "<group>"; };
		9E601DB71A9F38C800ECF036 /* DebugControls.swift */ = {isa = PBXFileReference; fileEncoding = 4; lastKnownFileType = sourcecode.swift; path = DebugControls.swift; sourceTree = "<group>"; };
		9E601DB81A9F38C800ECF036 /* DebugForceLine.swift */ = {isa = PBXFileReference; fileEncoding = 4; lastKnownFileType = sourcecode.swift; path = DebugForceLine.swift; sourceTree = "<group>"; };
		9E601DB91A9F38C800ECF036 /* DebugSteering.swift */ = {isa = PBXFileReference; fileEncoding = 4; lastKnownFileType = sourcecode.swift; path = DebugSteering.swift; sourceTree = "<group>"; };
		9E601DBA1A9F38C800ECF036 /* Flock.swift */ = {isa = PBXFileReference; fileEncoding = 4; lastKnownFileType = sourcecode.swift; path = Flock.swift; sourceTree = "<group>"; };
		9E601DC31A9F38D200ECF036 /* Main.storyboard */ = {isa = PBXFileReference; fileEncoding = 4; lastKnownFileType = file.storyboard; path = Main.storyboard; sourceTree = "<group>"; };
		9E601DC41A9F38D200ECF036 /* Point.swift */ = {isa = PBXFileReference; fileEncoding = 4; lastKnownFileType = sourcecode.swift; path = Point.swift; sourceTree = "<group>"; };
		9E601DC51A9F38D200ECF036 /* Root.plist */ = {isa = PBXFileReference; fileEncoding = 4; lastKnownFileType = text.plist.xml; path = Root.plist; sourceTree = "<group>"; };
		9E601DC61A9F38D200ECF036 /* SampleBesierView.swift */ = {isa = PBXFileReference; fileEncoding = 4; lastKnownFileType = sourcecode.swift; path = SampleBesierView.swift; sourceTree = "<group>"; };
		9E601DC71A9F38D200ECF036 /* Settings.swift */ = {isa = PBXFileReference; fileEncoding = 4; lastKnownFileType = sourcecode.swift; path = Settings.swift; sourceTree = "<group>"; };
		9E601DC81A9F38D200ECF036 /* Steering.swift */ = {isa = PBXFileReference; fileEncoding = 4; lastKnownFileType = sourcecode.swift; path = Steering.swift; sourceTree = "<group>"; };
		9E601DC91A9F38D200ECF036 /* Textures.swift */ = {isa = PBXFileReference; fileEncoding = 4; lastKnownFileType = sourcecode.swift; path = Textures.swift; sourceTree = "<group>"; };
		9E601DCA1A9F38D200ECF036 /* Vector2D.swift */ = {isa = PBXFileReference; fileEncoding = 4; lastKnownFileType = sourcecode.swift; path = Vector2D.swift; sourceTree = "<group>"; };
		9E601DCB1A9F38D200ECF036 /* World.swift */ = {isa = PBXFileReference; fileEncoding = 4; lastKnownFileType = sourcecode.swift; path = World.swift; sourceTree = "<group>"; };
		9E601DE81A9F3D2E00ECF036 /* HexNode.swift */ = {isa = PBXFileReference; fileEncoding = 4; lastKnownFileType = sourcecode.swift; path = HexNode.swift; sourceTree = "<group>"; };
		9E601DEE1A9F3EBB00ECF036 /* TiledBackground.swift */ = {isa = PBXFileReference; fileEncoding = 4; lastKnownFileType = sourcecode.swift; name = TiledBackground.swift; path = Background/TiledBackground.swift; sourceTree = "<group>"; };
/* End PBXFileReference section */

/* Begin PBXFrameworksBuildPhase section */
		9E35B0151A985CB100FFA9F7 /* Frameworks */ = {
			isa = PBXFrameworksBuildPhase;
			buildActionMask = 2147483647;
			files = (
			);
			runOnlyForDeploymentPostprocessing = 0;
		};
		9E35B02E1A985CB100FFA9F7 /* Frameworks */ = {
			isa = PBXFrameworksBuildPhase;
			buildActionMask = 2147483647;
			files = (
			);
			runOnlyForDeploymentPostprocessing = 0;
		};
/* End PBXFrameworksBuildPhase section */

/* Begin PBXGroup section */
		9E23C9A41AA19C810059305E /* Settings */ = {
			isa = PBXGroup;
			children = (
				9E601DC71A9F38D200ECF036 /* Settings.swift */,
			);
			name = Settings;
			sourceTree = "<group>";
		};
		9E23C9A51AA19C8B0059305E /* Background */ = {
			isa = PBXGroup;
			children = (
				9E601DC91A9F38D200ECF036 /* Textures.swift */,
				9E601DEE1A9F3EBB00ECF036 /* TiledBackground.swift */,
			);
			name = Background;
			sourceTree = "<group>";
		};
		9E23C9A61AA19C9C0059305E /* Geometry */ = {
			isa = PBXGroup;
			children = (
				9E601DC41A9F38D200ECF036 /* Point.swift */,
				9E601DCA1A9F38D200ECF036 /* Vector2D.swift */,
			);
			name = Geometry;
			sourceTree = "<group>";
		};
		9E23C9A71AA19CBE0059305E /* Debug */ = {
			isa = PBXGroup;
			children = (
				9E601DB71A9F38C800ECF036 /* DebugControls.swift */,
				9E601DB81A9F38C800ECF036 /* DebugForceLine.swift */,
				9E601DB91A9F38C800ECF036 /* DebugSteering.swift */,
			);
			name = Debug;
			sourceTree = "<group>";
		};
		9E23C9AA1AA1A9C20059305E /* Bird */ = {
			isa = PBXGroup;
			children = (
				9E601DB31A9F38C800ECF036 /* Bird.swift */,
				9E601DBA1A9F38C800ECF036 /* Flock.swift */,
			);
			name = Bird;
			sourceTree = "<group>";
		};
		9E23C9AB1AA1A9CF0059305E /* Sprites */ = {
			isa = PBXGroup;
			children = (
				9E601DB51A9F38C800ECF036 /* BirdSprite.swift */,
			);
			name = Sprites;
			sourceTree = "<group>";
		};
		9E23C9AC1AA1A9EA0059305E /* Actions */ = {
			isa = PBXGroup;
			children = (
				9E601DB41A9F38C800ECF036 /* BirdActions.swift */,
			);
			name = Actions;
			sourceTree = "<group>";
		};
		9E35B00F1A985CB100FFA9F7 = {
			isa = PBXGroup;
			children = (
				9E35B01A1A985CB100FFA9F7 /* HexWorld */,
				9E35B0341A985CB100FFA9F7 /* HexWorldTests */,
				9E35B0191A985CB100FFA9F7 /* Products */,
			);
			sourceTree = "<group>";
		};
		9E35B0191A985CB100FFA9F7 /* Products */ = {
			isa = PBXGroup;
			children = (
				9E35B0181A985CB100FFA9F7 /* HexWorld.app */,
				9E35B0311A985CB100FFA9F7 /* HexWorldTests.xctest */,
			);
			name = Products;
			sourceTree = "<group>";
		};
		9E35B01A1A985CB100FFA9F7 /* HexWorld */ = {
			isa = PBXGroup;
			children = (
				9E23C9AC1AA1A9EA0059305E /* Actions */,
				9E23C9A51AA19C8B0059305E /* Background */,
				9E23C9AA1AA1A9C20059305E /* Bird */,
				9E23C9A81AA1A8AE0059305E /* Birds.atlas */,
				9E23C9A71AA19CBE0059305E /* Debug */,
				9E35B0211A985CB100FFA9F7 /* GameScene.swift */,
				9E35B0231A985CB100FFA9F7 /* GameViewController.swift */,
				9E23C9A61AA19C9C0059305E /* Geometry */,
				9E601DE71A9F3D2E00ECF036 /* Hex */,
				9E35B0281A985CB100FFA9F7 /* Images.xcassets */,
				9E601DC31A9F38D200ECF036 /* Main.storyboard */,
				9E601DC61A9F38D200ECF036 /* SampleBesierView.swift */,
				9E23C9A41AA19C810059305E /* Settings */,
				9E23C9AB1AA1A9CF0059305E /* Sprites */,
				9E601DC81A9F38D200ECF036 /* Steering.swift */,
				9E35B01B1A985CB100FFA9F7 /* Supporting Files */,
				9E35B0481A985F1E00FFA9F7 /* Texture.atlas */,
				9E601DCB1A9F38D200ECF036 /* World.swift */,
			);
			path = HexWorld;
			sourceTree = "<group>";
		};
		9E35B01B1A985CB100FFA9F7 /* Supporting Files */ = {
			isa = PBXGroup;
			children = (
				9E601DC51A9F38D200ECF036 /* Root.plist */,
				9E35B01D1A985CB100FFA9F7 /* AppDelegate.swift */,
				9E35B01F1A985CB100FFA9F7 /* GameScene.sks */,
				9E35B02A1A985CB100FFA9F7 /* LaunchScreen.xib */,
				9E35B0251A985CB100FFA9F7 /* Main.storyboard */,
				9E35B01C1A985CB100FFA9F7 /* Info.plist */,
			);
			name = "Supporting Files";
			sourceTree = "<group>";
		};
		9E35B0341A985CB100FFA9F7 /* HexWorldTests */ = {
			isa = PBXGroup;
			children = (
				9E35B0371A985CB100FFA9F7 /* HexWorldTests.swift */,
				9E35B0351A985CB100FFA9F7 /* Supporting Files */,
			);
			path = HexWorldTests;
			sourceTree = "<group>";
		};
		9E35B0351A985CB100FFA9F7 /* Supporting Files */ = {
			isa = PBXGroup;
			children = (
				9E35B0361A985CB100FFA9F7 /* Info.plist */,
			);
			name = "Supporting Files";
			sourceTree = "<group>";
		};
		9E601DE71A9F3D2E00ECF036 /* Hex */ = {
			isa = PBXGroup;
			children = (
				9E601DE81A9F3D2E00ECF036 /* HexNode.swift */,
			);
			path = Hex;
			sourceTree = "<group>";
		};
/* End PBXGroup section */

/* Begin PBXNativeTarget section */
		9E35B0171A985CB100FFA9F7 /* HexWorld */ = {
			isa = PBXNativeTarget;
			buildConfigurationList = 9E35B03B1A985CB100FFA9F7 /* Build configuration list for PBXNativeTarget "HexWorld" */;
			buildPhases = (
				9E35B0141A985CB100FFA9F7 /* Sources */,
				9E35B0151A985CB100FFA9F7 /* Frameworks */,
				9E35B0161A985CB100FFA9F7 /* Resources */,
			);
			buildRules = (
			);
			dependencies = (
			);
			name = HexWorld;
			productName = HexWorld;
			productReference = 9E35B0181A985CB100FFA9F7 /* HexWorld.app */;
			productType = "com.apple.product-type.application";
		};
		9E35B0301A985CB100FFA9F7 /* HexWorldTests */ = {
			isa = PBXNativeTarget;
			buildConfigurationList = 9E35B03E1A985CB100FFA9F7 /* Build configuration list for PBXNativeTarget "HexWorldTests" */;
			buildPhases = (
				9E35B02D1A985CB100FFA9F7 /* Sources */,
				9E35B02E1A985CB100FFA9F7 /* Frameworks */,
				9E35B02F1A985CB100FFA9F7 /* Resources */,
			);
			buildRules = (
			);
			dependencies = (
				9E35B0331A985CB100FFA9F7 /* PBXTargetDependency */,
			);
			name = HexWorldTests;
			productName = HexWorldTests;
			productReference = 9E35B0311A985CB100FFA9F7 /* HexWorldTests.xctest */;
			productType = "com.apple.product-type.bundle.unit-test";
		};
/* End PBXNativeTarget section */

/* Begin PBXProject section */
		9E35B0101A985CB100FFA9F7 /* Project object */ = {
			isa = PBXProject;
			attributes = {
				LastUpgradeCheck = 0610;
				ORGANIZATIONNAME = "James Dunwoody";
				TargetAttributes = {
					9E35B0171A985CB100FFA9F7 = {
						CreatedOnToolsVersion = 6.1.1;
					};
					9E35B0301A985CB100FFA9F7 = {
						CreatedOnToolsVersion = 6.1.1;
						TestTargetID = 9E35B0171A985CB100FFA9F7;
					};
				};
			};
			buildConfigurationList = 9E35B0131A985CB100FFA9F7 /* Build configuration list for PBXProject "HexWorld" */;
			compatibilityVersion = "Xcode 3.2";
			developmentRegion = English;
			hasScannedForEncodings = 0;
			knownRegions = (
				en,
				Base,
			);
			mainGroup = 9E35B00F1A985CB100FFA9F7;
			productRefGroup = 9E35B0191A985CB100FFA9F7 /* Products */;
			projectDirPath = "";
			projectRoot = "";
			targets = (
				9E35B0171A985CB100FFA9F7 /* HexWorld */,
				9E35B0301A985CB100FFA9F7 /* HexWorldTests */,
			);
		};
/* End PBXProject section */

/* Begin PBXResourcesBuildPhase section */
		9E35B0161A985CB100FFA9F7 /* Resources */ = {
			isa = PBXResourcesBuildPhase;
			buildActionMask = 2147483647;
			files = (
				9E35B02C1A985CB100FFA9F7 /* LaunchScreen.xib in Resources */,
				9E35B0291A985CB100FFA9F7 /* Images.xcassets in Resources */,
				9E23C9A91AA1A8AE0059305E /* Birds.atlas in Resources */,
				9E601DCE1A9F38D200ECF036 /* Root.plist in Resources */,
				9E35B0201A985CB100FFA9F7 /* GameScene.sks in Resources */,
				9E601DCC1A9F38D200ECF036 /* Main.storyboard in Resources */,
				9E35B0491A985F1E00FFA9F7 /* Texture.atlas in Resources */,
				9E35B0271A985CB100FFA9F7 /* Main.storyboard in Resources */,
			);
			runOnlyForDeploymentPostprocessing = 0;
		};
		9E35B02F1A985CB100FFA9F7 /* Resources */ = {
			isa = PBXResourcesBuildPhase;
			buildActionMask = 2147483647;
			files = (
			);
			runOnlyForDeploymentPostprocessing = 0;
		};
/* End PBXResourcesBuildPhase section */

/* Begin PBXSourcesBuildPhase section */
		9E35B0141A985CB100FFA9F7 /* Sources */ = {
			isa = PBXSourcesBuildPhase;
			buildActionMask = 2147483647;
			files = (
				9E601DEF1A9F3EBB00ECF036 /* TiledBackground.swift in Sources */,
				9E601DD21A9F38D200ECF036 /* Textures.swift in Sources */,
				9E601DBF1A9F38C800ECF036 /* DebugControls.swift in Sources */,
				9E601DBD1A9F38C800ECF036 /* BirdSprite.swift in Sources */,
				9E601DD01A9F38D200ECF036 /* Settings.swift in Sources */,
				9E601DBB1A9F38C800ECF036 /* Bird.swift in Sources */,
				9E601DC11A9F38C800ECF036 /* DebugSteering.swift in Sources */,
				9E35B0221A985CB100FFA9F7 /* GameScene.swift in Sources */,
				9E601DC01A9F38C800ECF036 /* DebugForceLine.swift in Sources */,
				9E601DCF1A9F38D200ECF036 /* SampleBesierView.swift in Sources */,
				9E35B0241A985CB100FFA9F7 /* GameViewController.swift in Sources */,
				9E601DD41A9F38D200ECF036 /* World.swift in Sources */,
				9E35B01E1A985CB100FFA9F7 /* AppDelegate.swift in Sources */,
				9E601DD31A9F38D200ECF036 /* Vector2D.swift in Sources */,
				9E601DCD1A9F38D200ECF036 /* Point.swift in Sources */,
				9E601DBC1A9F38C800ECF036 /* BirdActions.swift in Sources */,
				9E601DED1A9F3D2E00ECF036 /* HexNode.swift in Sources */,
				9E601DD11A9F38D200ECF036 /* Steering.swift in Sources */,
				9E601DC21A9F38C800ECF036 /* Flock.swift in Sources */,
			);
			runOnlyForDeploymentPostprocessing = 0;
		};
		9E35B02D1A985CB100FFA9F7 /* Sources */ = {
			isa = PBXSourcesBuildPhase;
			buildActionMask = 2147483647;
			files = (
				9E35B0381A985CB100FFA9F7 /* HexWorldTests.swift in Sources */,
			);
			runOnlyForDeploymentPostprocessing = 0;
		};
/* End PBXSourcesBuildPhase section */

/* Begin PBXTargetDependency section */
		9E35B0331A985CB100FFA9F7 /* PBXTargetDependency */ = {
			isa = PBXTargetDependency;
			target = 9E35B0171A985CB100FFA9F7 /* HexWorld */;
			targetProxy = 9E35B0321A985CB100FFA9F7 /* PBXContainerItemProxy */;
		};
/* End PBXTargetDependency section */

/* Begin PBXVariantGroup section */
		9E35B0251A985CB100FFA9F7 /* Main.storyboard */ = {
			isa = PBXVariantGroup;
			children = (
				9E35B0261A985CB100FFA9F7 /* Base */,
			);
			name = Main.storyboard;
			sourceTree = "<group>";
		};
		9E35B02A1A985CB100FFA9F7 /* LaunchScreen.xib */ = {
			isa = PBXVariantGroup;
			children = (
				9E35B02B1A985CB100FFA9F7 /* Base */,
			);
			name = LaunchScreen.xib;
			sourceTree = "<group>";
		};
/* End PBXVariantGroup section */

/* Begin XCBuildConfiguration section */
		9E35B0391A985CB100FFA9F7 /* Debug */ = {
			isa = XCBuildConfiguration;
			buildSettings = {
				ALWAYS_SEARCH_USER_PATHS = NO;
				CLANG_CXX_LANGUAGE_STANDARD = "gnu++0x";
				CLANG_CXX_LIBRARY = "libc++";
				CLANG_ENABLE_MODULES = YES;
				CLANG_ENABLE_OBJC_ARC = YES;
				CLANG_WARN_BOOL_CONVERSION = YES;
				CLANG_WARN_CONSTANT_CONVERSION = YES;
				CLANG_WARN_DIRECT_OBJC_ISA_USAGE = YES_ERROR;
				CLANG_WARN_EMPTY_BODY = YES;
				CLANG_WARN_ENUM_CONVERSION = YES;
				CLANG_WARN_INT_CONVERSION = YES;
				CLANG_WARN_OBJC_ROOT_CLASS = YES_ERROR;
				CLANG_WARN_UNREACHABLE_CODE = YES;
				CLANG_WARN__DUPLICATE_METHOD_MATCH = YES;
				"CODE_SIGN_IDENTITY[sdk=iphoneos*]" = "iPhone Developer";
				COPY_PHASE_STRIP = NO;
				ENABLE_STRICT_OBJC_MSGSEND = YES;
				GCC_C_LANGUAGE_STANDARD = gnu99;
				GCC_DYNAMIC_NO_PIC = NO;
				GCC_OPTIMIZATION_LEVEL = 0;
				GCC_PREPROCESSOR_DEFINITIONS = (
					"DEBUG=1",
					"$(inherited)",
				);
				GCC_SYMBOLS_PRIVATE_EXTERN = NO;
				GCC_WARN_64_TO_32_BIT_CONVERSION = YES;
				GCC_WARN_ABOUT_RETURN_TYPE = YES_ERROR;
				GCC_WARN_UNDECLARED_SELECTOR = YES;
				GCC_WARN_UNINITIALIZED_AUTOS = YES_AGGRESSIVE;
				GCC_WARN_UNUSED_FUNCTION = YES;
				GCC_WARN_UNUSED_VARIABLE = YES;
				IPHONEOS_DEPLOYMENT_TARGET = 8.1;
				MTL_ENABLE_DEBUG_INFO = YES;
				ONLY_ACTIVE_ARCH = YES;
				SDKROOT = iphoneos;
				SWIFT_OPTIMIZATION_LEVEL = "-Onone";
				TARGETED_DEVICE_FAMILY = "1,2";
			};
			name = Debug;
		};
		9E35B03A1A985CB100FFA9F7 /* Release */ = {
			isa = XCBuildConfiguration;
			buildSettings = {
				ALWAYS_SEARCH_USER_PATHS = NO;
				CLANG_CXX_LANGUAGE_STANDARD = "gnu++0x";
				CLANG_CXX_LIBRARY = "libc++";
				CLANG_ENABLE_MODULES = YES;
				CLANG_ENABLE_OBJC_ARC = YES;
				CLANG_WARN_BOOL_CONVERSION = YES;
				CLANG_WARN_CONSTANT_CONVERSION = YES;
				CLANG_WARN_DIRECT_OBJC_ISA_USAGE = YES_ERROR;
				CLANG_WARN_EMPTY_BODY = YES;
				CLANG_WARN_ENUM_CONVERSION = YES;
				CLANG_WARN_INT_CONVERSION = YES;
				CLANG_WARN_OBJC_ROOT_CLASS = YES_ERROR;
				CLANG_WARN_UNREACHABLE_CODE = YES;
				CLANG_WARN__DUPLICATE_METHOD_MATCH = YES;
				"CODE_SIGN_IDENTITY[sdk=iphoneos*]" = "iPhone Developer";
				COPY_PHASE_STRIP = YES;
				ENABLE_NS_ASSERTIONS = NO;
				ENABLE_STRICT_OBJC_MSGSEND = YES;
				GCC_C_LANGUAGE_STANDARD = gnu99;
				GCC_WARN_64_TO_32_BIT_CONVERSION = YES;
				GCC_WARN_ABOUT_RETURN_TYPE = YES_ERROR;
				GCC_WARN_UNDECLARED_SELECTOR = YES;
				GCC_WARN_UNINITIALIZED_AUTOS = YES_AGGRESSIVE;
				GCC_WARN_UNUSED_FUNCTION = YES;
				GCC_WARN_UNUSED_VARIABLE = YES;
				IPHONEOS_DEPLOYMENT_TARGET = 8.1;
				MTL_ENABLE_DEBUG_INFO = NO;
				SDKROOT = iphoneos;
				TARGETED_DEVICE_FAMILY = "1,2";
				VALIDATE_PRODUCT = YES;
			};
			name = Release;
		};
		9E35B03C1A985CB100FFA9F7 /* Debug */ = {
			isa = XCBuildConfiguration;
			buildSettings = {
				ASSETCATALOG_COMPILER_APPICON_NAME = AppIcon;
				INFOPLIST_FILE = HexWorld/Info.plist;
				LD_RUNPATH_SEARCH_PATHS = "$(inherited) @executable_path/Frameworks";
				PRODUCT_NAME = "$(TARGET_NAME)";
			};
			name = Debug;
		};
		9E35B03D1A985CB100FFA9F7 /* Release */ = {
			isa = XCBuildConfiguration;
			buildSettings = {
				ASSETCATALOG_COMPILER_APPICON_NAME = AppIcon;
				INFOPLIST_FILE = HexWorld/Info.plist;
				LD_RUNPATH_SEARCH_PATHS = "$(inherited) @executable_path/Frameworks";
				PRODUCT_NAME = "$(TARGET_NAME)";
			};
			name = Release;
		};
		9E35B03F1A985CB100FFA9F7 /* Debug */ = {
			isa = XCBuildConfiguration;
			buildSettings = {
				BUNDLE_LOADER = "$(TEST_HOST)";
				FRAMEWORK_SEARCH_PATHS = (
					"$(SDKROOT)/Developer/Library/Frameworks",
					"$(inherited)",
				);
				GCC_PREPROCESSOR_DEFINITIONS = (
					"DEBUG=1",
					"$(inherited)",
				);
				INFOPLIST_FILE = HexWorldTests/Info.plist;
				LD_RUNPATH_SEARCH_PATHS = "$(inherited) @executable_path/Frameworks @loader_path/Frameworks";
				PRODUCT_NAME = "$(TARGET_NAME)";
				TEST_HOST = "$(BUILT_PRODUCTS_DIR)/HexWorld.app/HexWorld";
			};
			name = Debug;
		};
		9E35B0401A985CB100FFA9F7 /* Release */ = {
			isa = XCBuildConfiguration;
			buildSettings = {
				BUNDLE_LOADER = "$(TEST_HOST)";
				FRAMEWORK_SEARCH_PATHS = (
					"$(SDKROOT)/Developer/Library/Frameworks",
					"$(inherited)",
				);
				INFOPLIST_FILE = HexWorldTests/Info.plist;
				LD_RUNPATH_SEARCH_PATHS = "$(inherited) @executable_path/Frameworks @loader_path/Frameworks";
				PRODUCT_NAME = "$(TARGET_NAME)";
				TEST_HOST = "$(BUILT_PRODUCTS_DIR)/HexWorld.app/HexWorld";
			};
			name = Release;
		};
/* End XCBuildConfiguration section */

/* Begin XCConfigurationList section */
		9E35B0131A985CB100FFA9F7 /* Build configuration list for PBXProject "HexWorld" */ = {
			isa = XCConfigurationList;
			buildConfigurations = (
				9E35B0391A985CB100FFA9F7 /* Debug */,
				9E35B03A1A985CB100FFA9F7 /* Release */,
			);
			defaultConfigurationIsVisible = 0;
			defaultConfigurationName = Release;
		};
		9E35B03B1A985CB100FFA9F7 /* Build configuration list for PBXNativeTarget "HexWorld" */ = {
			isa = XCConfigurationList;
			buildConfigurations = (
				9E35B03C1A985CB100FFA9F7 /* Debug */,
				9E35B03D1A985CB100FFA9F7 /* Release */,
			);
			defaultConfigurationIsVisible = 0;
			defaultConfigurationName = Release;
		};
		9E35B03E1A985CB100FFA9F7 /* Build configuration list for PBXNativeTarget "HexWorldTests" */ = {
			isa = XCConfigurationList;
			buildConfigurations = (
				9E35B03F1A985CB100FFA9F7 /* Debug */,
				9E35B0401A985CB100FFA9F7 /* Release */,
			);
			defaultConfigurationIsVisible = 0;
			defaultConfigurationName = Release;
		};
/* End XCConfigurationList section */
	};
	rootObject = 9E35B0101A985CB100FFA9F7 /* Project object */;
}
